
Microsoft Visual Studio Solution File, Format Version 12.00
# Visual Studio Version 17
VisualStudioVersion = 17.8.34330.188
MinimumVisualStudioVersion = 10.0.40219.1
Project("{9A19103F-16F7-4668-BE54-9A1E7A4F7556}") = "Repositories", "Repositories\Repositories.csproj", "{F8470A83-2F4F-41D4-BBE5-A92E2B94A048}"
EndProject
Project("{9A19103F-16F7-4668-BE54-9A1E7A4F7556}") = "JewelryWpfApp", "JewelryWpfApp\JewelryWpfApp.csproj", "{77186C36-987C-4B84-9217-4E80B720B2F8}"
EndProject
Project("{9A19103F-16F7-4668-BE54-9A1E7A4F7556}") = "Services", "Services\Services.csproj", "{293C3B02-F0F6-4108-878F-AEE145E3ACE9}"
EndProject
Project("{FAE04EC0-301F-11D3-BF4B-00C04F79EFBC}") = "Static", "Static\Static.csproj", "{16C46E72-275B-49F6-8A4F-46D2F52F282F}"
EndProject
Global
	GlobalSection(SolutionConfigurationPlatforms) = preSolution
		Debug|Any CPU = Debug|Any CPU
		Release|Any CPU = Release|Any CPU
	EndGlobalSection
	GlobalSection(ProjectConfigurationPlatforms) = postSolution
		{F8470A83-2F4F-41D4-BBE5-A92E2B94A048}.Debug|Any CPU.ActiveCfg = Debug|Any CPU
		{F8470A83-2F4F-41D4-BBE5-A92E2B94A048}.Debug|Any CPU.Build.0 = Debug|Any CPU
		{F8470A83-2F4F-41D4-BBE5-A92E2B94A048}.Release|Any CPU.ActiveCfg = Release|Any CPU
		{F8470A83-2F4F-41D4-BBE5-A92E2B94A048}.Release|Any CPU.Build.0 = Release|Any CPU
		{77186C36-987C-4B84-9217-4E80B720B2F8}.Debug|Any CPU.ActiveCfg = Debug|Any CPU
		{77186C36-987C-4B84-9217-4E80B720B2F8}.Debug|Any CPU.Build.0 = Debug|Any CPU
		{77186C36-987C-4B84-9217-4E80B720B2F8}.Release|Any CPU.ActiveCfg = Release|Any CPU
		{77186C36-987C-4B84-9217-4E80B720B2F8}.Release|Any CPU.Build.0 = Release|Any CPU
		{293C3B02-F0F6-4108-878F-AEE145E3ACE9}.Debug|Any CPU.ActiveCfg = Debug|Any CPU
		{293C3B02-F0F6-4108-878F-AEE145E3ACE9}.Debug|Any CPU.Build.0 = Debug|Any CPU
		{293C3B02-F0F6-4108-878F-AEE145E3ACE9}.Release|Any CPU.ActiveCfg = Release|Any CPU
		{293C3B02-F0F6-4108-878F-AEE145E3ACE9}.Release|Any CPU.Build.0 = Release|Any CPU
		{16C46E72-275B-49F6-8A4F-46D2F52F282F}.Debug|Any CPU.ActiveCfg = Debug|Any CPU
		{16C46E72-275B-49F6-8A4F-46D2F52F282F}.Debug|Any CPU.Build.0 = Debug|Any CPU
		{16C46E72-275B-49F6-8A4F-46D2F52F282F}.Release|Any CPU.ActiveCfg = Release|Any CPU
		{16C46E72-275B-49F6-8A4F-46D2F52F282F}.Release|Any CPU.Build.0 = Release|Any CPU
	EndGlobalSection
	GlobalSection(SolutionProperties) = preSolution
		HideSolutionNode = FALSE
	EndGlobalSection
	GlobalSection(ExtensibilityGlobals) = postSolution
		SolutionGuid = {C3349394-D37A-49D5-B9CD-4AE1E8F8AC6B}
	EndGlobalSection
EndGlobal
